
Microsoft Visual Studio Solution File, Format Version 12.00
# Visual Studio Version 17
VisualStudioVersion = 17.1.32228.430
MinimumVisualStudioVersion = 10.0.40219.1
Project("{9A19103F-16F7-4668-BE54-9A1E7A4F7556}") = "API", "API\API.csproj", "{D971FA1C-6FE4-42B4-BB7E-767AB4948D85}"
EndProject
Project("{9A19103F-16F7-4668-BE54-9A1E7A4F7556}") = "DataAccess", "DataAccess\DataAccess.csproj", "{C47D74E6-6B3D-42A1-81B9-63A354BD8E1D}"
EndProject
Project("{9A19103F-16F7-4668-BE54-9A1E7A4F7556}") = "BusinessLogic", "BusinessLogic\BusinessLogic.csproj", "{CFEDAEA2-9CDA-4651-BB97-C52315DAF48E}"
EndProject
Global
	GlobalSection(SolutionConfigurationPlatforms) = preSolution
		Debug|Any CPU = Debug|Any CPU
		Release|Any CPU = Release|Any CPU
	EndGlobalSection
	GlobalSection(ProjectConfigurationPlatforms) = postSolution
		{D971FA1C-6FE4-42B4-BB7E-767AB4948D85}.Debug|Any CPU.ActiveCfg = Debug|Any CPU
		{D971FA1C-6FE4-42B4-BB7E-767AB4948D85}.Debug|Any CPU.Build.0 = Debug|Any CPU
		{D971FA1C-6FE4-42B4-BB7E-767AB4948D85}.Release|Any CPU.ActiveCfg = Release|Any CPU
		{D971FA1C-6FE4-42B4-BB7E-767AB4948D85}.Release|Any CPU.Build.0 = Release|Any CPU
		{C47D74E6-6B3D-42A1-81B9-63A354BD8E1D}.Debug|Any CPU.ActiveCfg = Debug|Any CPU
		{C47D74E6-6B3D-42A1-81B9-63A354BD8E1D}.Debug|Any CPU.Build.0 = Debug|Any CPU
		{C47D74E6-6B3D-42A1-81B9-63A354BD8E1D}.Release|Any CPU.ActiveCfg = Release|Any CPU
		{C47D74E6-6B3D-42A1-81B9-63A354BD8E1D}.Release|Any CPU.Build.0 = Release|Any CPU
		{CFEDAEA2-9CDA-4651-BB97-C52315DAF48E}.Debug|Any CPU.ActiveCfg = Debug|Any CPU
		{CFEDAEA2-9CDA-4651-BB97-C52315DAF48E}.Debug|Any CPU.Build.0 = Debug|Any CPU
		{CFEDAEA2-9CDA-4651-BB97-C52315DAF48E}.Release|Any CPU.ActiveCfg = Release|Any CPU
		{CFEDAEA2-9CDA-4651-BB97-C52315DAF48E}.Release|Any CPU.Build.0 = Release|Any CPU
	EndGlobalSection
	GlobalSection(SolutionProperties) = preSolution
		HideSolutionNode = FALSE
	EndGlobalSection
	GlobalSection(ExtensibilityGlobals) = postSolution
		SolutionGuid = {E9946BBE-4435-406D-8EBE-26616EF61295}
	EndGlobalSection
EndGlobal
